
Microsoft Visual Studio Solution File, Format Version 12.00
# Visual Studio Version 17
VisualStudioVersion = 17.12.35707.178
MinimumVisualStudioVersion = 10.0.40219.1
Project("{FAE04EC0-301F-11D3-BF4B-00C04F79EFBC}") = "Maktabati", "Maktabati\Maktabati.csproj", "{565A285A-03B8-435B-A3D0-BF85E99623FA}"
EndProject
Project("{2150E333-8FDC-42A3-9474-1A3956D46DE8}") = "Éléments de solution", "Éléments de solution", "{9C8CB701-102D-CF49-A3E0-89AC09D42C2C}"
EndProject
Global
	GlobalSection(SolutionConfigurationPlatforms) = preSolution
		Debug|Any CPU = Debug|Any CPU
		Release|Any CPU = Release|Any CPU
	EndGlobalSection
	GlobalSection(ProjectConfigurationPlatforms) = postSolution
		{565A285A-03B8-435B-A3D0-BF85E99623FA}.Debug|Any CPU.ActiveCfg = Debug|Any CPU
		{565A285A-03B8-435B-A3D0-BF85E99623FA}.Debug|Any CPU.Build.0 = Debug|Any CPU
		{565A285A-03B8-435B-A3D0-BF85E99623FA}.Release|Any CPU.ActiveCfg = Release|Any CPU
		{565A285A-03B8-435B-A3D0-BF85E99623FA}.Release|Any CPU.Build.0 = Release|Any CPU
	EndGlobalSection
	GlobalSection(SolutionProperties) = preSolution
		HideSolutionNode = FALSE
	EndGlobalSection
	GlobalSection(ExtensibilityGlobals) = postSolution
		SolutionGuid = {99FCE7BC-F035-4F44-8ABD-D82BEC767F54}
	EndGlobalSection
EndGlobal
